
Microsoft Visual Studio Solution File, Format Version 12.00
# Visual Studio Version 17
VisualStudioVersion = 17.0.31903.59
MinimumVisualStudioVersion = 10.0.40219.1
Project("{9A19103F-16F7-4668-BE54-9A1E7A4F7556}") = "NetRemoteClientUnitTest", "NetRemoteClientUnitTest\NetRemoteClientUnitTest.csproj", "{452E5C5E-B769-43FE-AB74-5BD92D6E5BC9}"
EndProject
Project("{9A19103F-16F7-4668-BE54-9A1E7A4F7556}") = "NetRemoteClient", "..\..\..\api\dotnet\NetRemoteClient.csproj", "{E4BB11EC-6CE2-4CE9-8806-EA9CF46DE658}"
EndProject
Global
	GlobalSection(SolutionConfigurationPlatforms) = preSolution
		Debug|Any CPU = Debug|Any CPU
		Debug|ARM64 = Debug|ARM64
		Debug|x64 = Debug|x64
		Release|Any CPU = Release|Any CPU
		Release|ARM64 = Release|ARM64
		Release|x64 = Release|x64
	EndGlobalSection
	GlobalSection(ProjectConfigurationPlatforms) = postSolution
		{E4BB11EC-6CE2-4CE9-8806-EA9CF46DE658}.Debug|Any CPU.ActiveCfg = Debug|Any CPU
		{E4BB11EC-6CE2-4CE9-8806-EA9CF46DE658}.Debug|Any CPU.Build.0 = Debug|Any CPU
		{E4BB11EC-6CE2-4CE9-8806-EA9CF46DE658}.Debug|ARM64.ActiveCfg = Debug|ARM64
		{E4BB11EC-6CE2-4CE9-8806-EA9CF46DE658}.Debug|ARM64.Build.0 = Debug|ARM64
		{E4BB11EC-6CE2-4CE9-8806-EA9CF46DE658}.Debug|x64.ActiveCfg = Debug|x64
		{E4BB11EC-6CE2-4CE9-8806-EA9CF46DE658}.Debug|x64.Build.0 = Debug|x64
		{E4BB11EC-6CE2-4CE9-8806-EA9CF46DE658}.Release|Any CPU.ActiveCfg = Release|Any CPU
		{E4BB11EC-6CE2-4CE9-8806-EA9CF46DE658}.Release|Any CPU.Build.0 = Release|Any CPU
		{E4BB11EC-6CE2-4CE9-8806-EA9CF46DE658}.Release|ARM64.ActiveCfg = Release|ARM64
		{E4BB11EC-6CE2-4CE9-8806-EA9CF46DE658}.Release|ARM64.Build.0 = Release|ARM64
		{E4BB11EC-6CE2-4CE9-8806-EA9CF46DE658}.Release|x64.ActiveCfg = Release|x64
		{E4BB11EC-6CE2-4CE9-8806-EA9CF46DE658}.Release|x64.Build.0 = Release|x64
		{452E5C5E-B769-43FE-AB74-5BD92D6E5BC9}.Debug|Any CPU.ActiveCfg = Debug|Any CPU
		{452E5C5E-B769-43FE-AB74-5BD92D6E5BC9}.Debug|Any CPU.Build.0 = Debug|Any CPU
		{452E5C5E-B769-43FE-AB74-5BD92D6E5BC9}.Debug|ARM64.ActiveCfg = Debug|ARM64
		{452E5C5E-B769-43FE-AB74-5BD92D6E5BC9}.Debug|ARM64.Build.0 = Debug|ARM64
		{452E5C5E-B769-43FE-AB74-5BD92D6E5BC9}.Debug|x64.ActiveCfg = Debug|x64
		{452E5C5E-B769-43FE-AB74-5BD92D6E5BC9}.Debug|x64.Build.0 = Debug|x64
		{452E5C5E-B769-43FE-AB74-5BD92D6E5BC9}.Release|Any CPU.ActiveCfg = Release|Any CPU
		{452E5C5E-B769-43FE-AB74-5BD92D6E5BC9}.Release|Any CPU.Build.0 = Release|Any CPU
		{452E5C5E-B769-43FE-AB74-5BD92D6E5BC9}.Release|ARM64.ActiveCfg = Release|ARM64
		{452E5C5E-B769-43FE-AB74-5BD92D6E5BC9}.Release|ARM64.Build.0 = Release|ARM64
		{452E5C5E-B769-43FE-AB74-5BD92D6E5BC9}.Release|x64.ActiveCfg = Release|Any CPU
		{452E5C5E-B769-43FE-AB74-5BD92D6E5BC9}.Release|x64.Build.0 = Release|Any CPU
	EndGlobalSection
	GlobalSection(SolutionProperties) = preSolution
		HideSolutionNode = FALSE
	EndGlobalSection
	GlobalSection(ExtensibilityGlobals) = postSolution
		SolutionGuid = {4F4EC49D-9867-45B8-9505-3F87F7773AAE}
	EndGlobalSection
EndGlobal
